
Microsoft Visual Studio Solution File, Format Version 12.00
# Visual Studio Version 17
VisualStudioVersion = 17.14.37411.7 d17.14
MinimumVisualStudioVersion = 10.0.40219.1
Project("{FAE04EC0-301F-11D3-BF4B-00C04F79EFBC}") = "011-Count-Number-in-Matrix", "011-Count-Number-in-Matrix.csproj", "{7099F34C-9549-4594-BEAC-924DC95C15EA}"
EndProject
Global
	GlobalSection(SolutionConfigurationPlatforms) = preSolution
		Debug|Any CPU = Debug|Any CPU
		Release|Any CPU = Release|Any CPU
	EndGlobalSection
	GlobalSection(ProjectConfigurationPlatforms) = postSolution
		{7099F34C-9549-4594-BEAC-924DC95C15EA}.Debug|Any CPU.ActiveCfg = Debug|Any CPU
		{7099F34C-9549-4594-BEAC-924DC95C15EA}.Debug|Any CPU.Build.0 = Debug|Any CPU
		{7099F34C-9549-4594-BEAC-924DC95C15EA}.Release|Any CPU.ActiveCfg = Release|Any CPU
		{7099F34C-9549-4594-BEAC-924DC95C15EA}.Release|Any CPU.Build.0 = Release|Any CPU
	EndGlobalSection
	GlobalSection(SolutionProperties) = preSolution
		HideSolutionNode = FALSE
	EndGlobalSection
	GlobalSection(ExtensibilityGlobals) = postSolution
		SolutionGuid = {C416C7D8-A609-49F5-B8AB-8C6A18C4F6D0}
	EndGlobalSection
EndGlobal
