
Microsoft Visual Studio Solution File, Format Version 12.00
# Visual Studio Version 17
VisualStudioVersion = 17.14.37411.7 d17.14
MinimumVisualStudioVersion = 10.0.40219.1
Project("{FAE04EC0-301F-11D3-BF4B-00C04F79EFBC}") = "010-Check-Scalar-Matrix", "010-Check-Scalar-Matrix.csproj", "{5DEFCCB2-1AC9-4F08-94D0-15FA0A9CB86C}"
EndProject
Global
	GlobalSection(SolutionConfigurationPlatforms) = preSolution
		Debug|Any CPU = Debug|Any CPU
		Release|Any CPU = Release|Any CPU
	EndGlobalSection
	GlobalSection(ProjectConfigurationPlatforms) = postSolution
		{5DEFCCB2-1AC9-4F08-94D0-15FA0A9CB86C}.Debug|Any CPU.ActiveCfg = Debug|Any CPU
		{5DEFCCB2-1AC9-4F08-94D0-15FA0A9CB86C}.Debug|Any CPU.Build.0 = Debug|Any CPU
		{5DEFCCB2-1AC9-4F08-94D0-15FA0A9CB86C}.Release|Any CPU.ActiveCfg = Release|Any CPU
		{5DEFCCB2-1AC9-4F08-94D0-15FA0A9CB86C}.Release|Any CPU.Build.0 = Release|Any CPU
	EndGlobalSection
	GlobalSection(SolutionProperties) = preSolution
		HideSolutionNode = FALSE
	EndGlobalSection
	GlobalSection(ExtensibilityGlobals) = postSolution
		SolutionGuid = {F29CA587-E9D1-4DA4-AC1C-8FEE63B2C9CE}
	EndGlobalSection
EndGlobal
