
Microsoft Visual Studio Solution File, Format Version 12.00
# Visual Studio Version 17
VisualStudioVersion = 17.14.37111.16 d17.14
MinimumVisualStudioVersion = 10.0.40219.1
Project("{FAE04EC0-301F-11D3-BF4B-00C04F79EFBC}") = "002-Full-Random-Matrix", "002-Full-Random-Matrix.csproj", "{DF0680D3-8826-4594-8D95-D08E8AD05D8C}"
EndProject
Global
	GlobalSection(SolutionConfigurationPlatforms) = preSolution
		Debug|Any CPU = Debug|Any CPU
		Release|Any CPU = Release|Any CPU
	EndGlobalSection
	GlobalSection(ProjectConfigurationPlatforms) = postSolution
		{DF0680D3-8826-4594-8D95-D08E8AD05D8C}.Debug|Any CPU.ActiveCfg = Debug|Any CPU
		{DF0680D3-8826-4594-8D95-D08E8AD05D8C}.Debug|Any CPU.Build.0 = Debug|Any CPU
		{DF0680D3-8826-4594-8D95-D08E8AD05D8C}.Release|Any CPU.ActiveCfg = Release|Any CPU
		{DF0680D3-8826-4594-8D95-D08E8AD05D8C}.Release|Any CPU.Build.0 = Release|Any CPU
	EndGlobalSection
	GlobalSection(SolutionProperties) = preSolution
		HideSolutionNode = FALSE
	EndGlobalSection
	GlobalSection(ExtensibilityGlobals) = postSolution
		SolutionGuid = {06445592-1CA1-4F2C-83B2-9A9FC79C31B6}
	EndGlobalSection
EndGlobal
