
Microsoft Visual Studio Solution File, Format Version 12.00
# Visual Studio Version 17
VisualStudioVersion = 17.14.37411.7 d17.14
MinimumVisualStudioVersion = 10.0.40219.1
Project("{FAE04EC0-301F-11D3-BF4B-00C04F79EFBC}") = "006-Print-Middle-Row-and-Col-OfMatrix", "006-Print-Middle-Row-and-Col-OfMatrix.csproj", "{9B8E4331-78C7-4803-9F08-6A9E820C91D0}"
EndProject
Global
	GlobalSection(SolutionConfigurationPlatforms) = preSolution
		Debug|Any CPU = Debug|Any CPU
		Release|Any CPU = Release|Any CPU
	EndGlobalSection
	GlobalSection(ProjectConfigurationPlatforms) = postSolution
		{9B8E4331-78C7-4803-9F08-6A9E820C91D0}.Debug|Any CPU.ActiveCfg = Debug|Any CPU
		{9B8E4331-78C7-4803-9F08-6A9E820C91D0}.Debug|Any CPU.Build.0 = Debug|Any CPU
		{9B8E4331-78C7-4803-9F08-6A9E820C91D0}.Release|Any CPU.ActiveCfg = Release|Any CPU
		{9B8E4331-78C7-4803-9F08-6A9E820C91D0}.Release|Any CPU.Build.0 = Release|Any CPU
	EndGlobalSection
	GlobalSection(SolutionProperties) = preSolution
		HideSolutionNode = FALSE
	EndGlobalSection
	GlobalSection(ExtensibilityGlobals) = postSolution
		SolutionGuid = {EE706EC0-50F6-40F5-AD81-72AEB95C14D0}
	EndGlobalSection
EndGlobal
